Microsoft Visual Studio Solution File, Format Version 12.00
# Visual Studio Version 17
VisualStudioVersion = 17.5.2.0
MinimumVisualStudioVersion = 10.0.40219.1
Project("{FAE04EC0-301F-11D3-BF4B-00C04F79EFBC}") = "cw11_layout", "cw11_layout.csproj", "{D11D54E0-84E0-85BF-3233-769D93053BF6}"
EndProject
Global
	GlobalSection(SolutionConfigurationPlatforms) = preSolution
		Debug|Any CPU = Debug|Any CPU
		Release|Any CPU = Release|Any CPU
	EndGlobalSection
	GlobalSection(ProjectConfigurationPlatforms) = postSolution
		{D11D54E0-84E0-85BF-3233-769D93053BF6}.Debug|Any CPU.ActiveCfg = Debug|Any CPU
		{D11D54E0-84E0-85BF-3233-769D93053BF6}.Debug|Any CPU.Build.0 = Debug|Any CPU
		{D11D54E0-84E0-85BF-3233-769D93053BF6}.Release|Any CPU.ActiveCfg = Release|Any CPU
		{D11D54E0-84E0-85BF-3233-769D93053BF6}.Release|Any CPU.Build.0 = Release|Any CPU
	EndGlobalSection
	GlobalSection(SolutionProperties) = preSolution
		HideSolutionNode = FALSE
	EndGlobalSection
	GlobalSection(ExtensibilityGlobals) = postSolution
		SolutionGuid = {5B8F9D72-D4B0-40DD-A324-E1973A1D3F0F}
	EndGlobalSection
EndGlobal
